
Microsoft Visual Studio Solution File, Format Version 12.00
# Visual Studio Version 17
VisualStudioVersion = 17.8.34330.188
MinimumVisualStudioVersion = 10.0.40219.1
Project("{FAE04EC0-301F-11D3-BF4B-00C04F79EFBC}") = "Projeto10", "ConsoleApp1\Projeto10.csproj", "{D53CA0C3-FF13-45E4-95BC-32D65A1CA660}"
EndProject
Global
	GlobalSection(SolutionConfigurationPlatforms) = preSolution
		Debug|Any CPU = Debug|Any CPU
		Release|Any CPU = Release|Any CPU
	EndGlobalSection
	GlobalSection(ProjectConfigurationPlatforms) = postSolution
		{D53CA0C3-FF13-45E4-95BC-32D65A1CA660}.Debug|Any CPU.ActiveCfg = Debug|Any CPU
		{D53CA0C3-FF13-45E4-95BC-32D65A1CA660}.Debug|Any CPU.Build.0 = Debug|Any CPU
		{D53CA0C3-FF13-45E4-95BC-32D65A1CA660}.Release|Any CPU.ActiveCfg = Release|Any CPU
		{D53CA0C3-FF13-45E4-95BC-32D65A1CA660}.Release|Any CPU.Build.0 = Release|Any CPU
	EndGlobalSection
	GlobalSection(SolutionProperties) = preSolution
		HideSolutionNode = FALSE
	EndGlobalSection
	GlobalSection(ExtensibilityGlobals) = postSolution
		SolutionGuid = {219B0362-40E7-415A-A89E-ED0FA68BD384}
	EndGlobalSection
EndGlobal
