
Microsoft Visual Studio Solution File, Format Version 12.00
# Visual Studio Version 17
VisualStudioVersion = 17.8.34330.188
MinimumVisualStudioVersion = 10.0.40219.1
Project("{FAE04EC0-301F-11D3-BF4B-00C04F79EFBC}") = "ContaDoBanco", "ContaDoBanco\ContaDoBanco.csproj", "{97109BC4-0C42-4C2D-9C39-7A56F8B360BB}"
EndProject
Global
	GlobalSection(SolutionConfigurationPlatforms) = preSolution
		Debug|Any CPU = Debug|Any CPU
		Release|Any CPU = Release|Any CPU
	EndGlobalSection
	GlobalSection(ProjectConfigurationPlatforms) = postSolution
		{97109BC4-0C42-4C2D-9C39-7A56F8B360BB}.Debug|Any CPU.ActiveCfg = Debug|Any CPU
		{97109BC4-0C42-4C2D-9C39-7A56F8B360BB}.Debug|Any CPU.Build.0 = Debug|Any CPU
		{97109BC4-0C42-4C2D-9C39-7A56F8B360BB}.Release|Any CPU.ActiveCfg = Release|Any CPU
		{97109BC4-0C42-4C2D-9C39-7A56F8B360BB}.Release|Any CPU.Build.0 = Release|Any CPU
	EndGlobalSection
	GlobalSection(SolutionProperties) = preSolution
		HideSolutionNode = FALSE
	EndGlobalSection
	GlobalSection(ExtensibilityGlobals) = postSolution
		SolutionGuid = {648CCDD4-6D3B-4E24-BA9E-D6C0DBF4DF09}
	EndGlobalSection
EndGlobal
