
Microsoft Visual Studio Solution File, Format Version 12.00
# Visual Studio Version 17
VisualStudioVersion = 17.8.34330.188
MinimumVisualStudioVersion = 10.0.40219.1
Project("{FAE04EC0-301F-11D3-BF4B-00C04F79EFBC}") = "Projeto8", "Projeto8\Projeto8.csproj", "{873D448B-2908-44F5-AB4F-25C257A86532}"
EndProject
Global
	GlobalSection(SolutionConfigurationPlatforms) = preSolution
		Debug|Any CPU = Debug|Any CPU
		Release|Any CPU = Release|Any CPU
	EndGlobalSection
	GlobalSection(ProjectConfigurationPlatforms) = postSolution
		{873D448B-2908-44F5-AB4F-25C257A86532}.Debug|Any CPU.ActiveCfg = Debug|Any CPU
		{873D448B-2908-44F5-AB4F-25C257A86532}.Debug|Any CPU.Build.0 = Debug|Any CPU
		{873D448B-2908-44F5-AB4F-25C257A86532}.Release|Any CPU.ActiveCfg = Release|Any CPU
		{873D448B-2908-44F5-AB4F-25C257A86532}.Release|Any CPU.Build.0 = Release|Any CPU
	EndGlobalSection
	GlobalSection(SolutionProperties) = preSolution
		HideSolutionNode = FALSE
	EndGlobalSection
	GlobalSection(ExtensibilityGlobals) = postSolution
		SolutionGuid = {5E60E9A5-DF28-4EEA-8506-AC0696F0DAD9}
	EndGlobalSection
EndGlobal
