
Microsoft Visual Studio Solution File, Format Version 12.00
# Visual Studio Version 17
VisualStudioVersion = 17.8.34330.188
MinimumVisualStudioVersion = 10.0.40219.1
Project("{FAE04EC0-301F-11D3-BF4B-00C04F79EFBC}") = "Projeto4", "Projeto4\Projeto4.csproj", "{F898958A-511A-4D7F-A400-6367CDABB69B}"
EndProject
Global
	GlobalSection(SolutionConfigurationPlatforms) = preSolution
		Debug|Any CPU = Debug|Any CPU
		Release|Any CPU = Release|Any CPU
	EndGlobalSection
	GlobalSection(ProjectConfigurationPlatforms) = postSolution
		{F898958A-511A-4D7F-A400-6367CDABB69B}.Debug|Any CPU.ActiveCfg = Debug|Any CPU
		{F898958A-511A-4D7F-A400-6367CDABB69B}.Debug|Any CPU.Build.0 = Debug|Any CPU
		{F898958A-511A-4D7F-A400-6367CDABB69B}.Release|Any CPU.ActiveCfg = Release|Any CPU
		{F898958A-511A-4D7F-A400-6367CDABB69B}.Release|Any CPU.Build.0 = Release|Any CPU
	EndGlobalSection
	GlobalSection(SolutionProperties) = preSolution
		HideSolutionNode = FALSE
	EndGlobalSection
	GlobalSection(ExtensibilityGlobals) = postSolution
		SolutionGuid = {33B9A95E-40D5-4411-A2D3-B6F137547400}
	EndGlobalSection
EndGlobal
