
Microsoft Visual Studio Solution File, Format Version 12.00
# Visual Studio Version 17
VisualStudioVersion = 17.8.34330.188
MinimumVisualStudioVersion = 10.0.40219.1
Project("{FAE04EC0-301F-11D3-BF4B-00C04F79EFBC}") = "Projeto13", "Projeto13\Projeto13.csproj", "{DE381158-E173-4778-85F7-5405007DA96E}"
EndProject
Global
	GlobalSection(SolutionConfigurationPlatforms) = preSolution
		Debug|Any CPU = Debug|Any CPU
		Release|Any CPU = Release|Any CPU
	EndGlobalSection
	GlobalSection(ProjectConfigurationPlatforms) = postSolution
		{DE381158-E173-4778-85F7-5405007DA96E}.Debug|Any CPU.ActiveCfg = Debug|Any CPU
		{DE381158-E173-4778-85F7-5405007DA96E}.Debug|Any CPU.Build.0 = Debug|Any CPU
		{DE381158-E173-4778-85F7-5405007DA96E}.Release|Any CPU.ActiveCfg = Release|Any CPU
		{DE381158-E173-4778-85F7-5405007DA96E}.Release|Any CPU.Build.0 = Release|Any CPU
	EndGlobalSection
	GlobalSection(SolutionProperties) = preSolution
		HideSolutionNode = FALSE
	EndGlobalSection
	GlobalSection(ExtensibilityGlobals) = postSolution
		SolutionGuid = {BB9553B6-813C-438C-BBFA-79A2EF23A6A5}
	EndGlobalSection
EndGlobal
